
Microsoft Visual Studio Solution File, Format Version 12.00
# Visual Studio Version 17
VisualStudioVersion = 17.0.31903.59
MinimumVisualStudioVersion = 10.0.40219.1
Project("{FAE04EC0-301F-11D3-BF4B-00C04F79EFBC}") = "Talon.Driver", "Talon.Driver\Talon.Driver.csproj", "{B09F2D72-4B30-4BBF-8F8A-E2124EDC43A2}"
EndProject
Project("{FAE04EC0-301F-11D3-BF4B-00C04F79EFBC}") = "Talon.Driver.Wpf", "Talon.Driver.Wpf\Talon.Driver.Wpf.csproj", "{294EBEFE-B7D2-4BCE-8D91-5FCED9BC1695}"
EndProject
Project("{FAE04EC0-301F-11D3-BF4B-00C04F79EFBC}") = "Talon.Driver.Verification", "Talon.Driver.Verification\Talon.Driver.Verification.csproj", "{BA4357E0-E920-4C38-92C1-C418499B05B6}"
EndProject
Global
	GlobalSection(SolutionConfigurationPlatforms) = preSolution
		Debug|Any CPU = Debug|Any CPU
		Debug|x64 = Debug|x64
		Debug|x86 = Debug|x86
		Release|Any CPU = Release|Any CPU
		Release|x64 = Release|x64
		Release|x86 = Release|x86
	EndGlobalSection
	GlobalSection(ProjectConfigurationPlatforms) = postSolution
		{B09F2D72-4B30-4BBF-8F8A-E2124EDC43A2}.Debug|Any CPU.ActiveCfg = Debug|Any CPU
		{B09F2D72-4B30-4BBF-8F8A-E2124EDC43A2}.Debug|Any CPU.Build.0 = Debug|Any CPU
		{B09F2D72-4B30-4BBF-8F8A-E2124EDC43A2}.Debug|x64.ActiveCfg = Debug|Any CPU
		{B09F2D72-4B30-4BBF-8F8A-E2124EDC43A2}.Debug|x64.Build.0 = Debug|Any CPU
		{B09F2D72-4B30-4BBF-8F8A-E2124EDC43A2}.Debug|x86.ActiveCfg = Debug|Any CPU
		{B09F2D72-4B30-4BBF-8F8A-E2124EDC43A2}.Debug|x86.Build.0 = Debug|Any CPU
		{B09F2D72-4B30-4BBF-8F8A-E2124EDC43A2}.Release|Any CPU.ActiveCfg = Release|Any CPU
		{B09F2D72-4B30-4BBF-8F8A-E2124EDC43A2}.Release|Any CPU.Build.0 = Release|Any CPU
		{B09F2D72-4B30-4BBF-8F8A-E2124EDC43A2}.Release|x64.ActiveCfg = Release|Any CPU
		{B09F2D72-4B30-4BBF-8F8A-E2124EDC43A2}.Release|x64.Build.0 = Release|Any CPU
		{B09F2D72-4B30-4BBF-8F8A-E2124EDC43A2}.Release|x86.ActiveCfg = Release|Any CPU
		{B09F2D72-4B30-4BBF-8F8A-E2124EDC43A2}.Release|x86.Build.0 = Release|Any CPU
		{294EBEFE-B7D2-4BCE-8D91-5FCED9BC1695}.Debug|Any CPU.ActiveCfg = Debug|Any CPU
		{294EBEFE-B7D2-4BCE-8D91-5FCED9BC1695}.Debug|Any CPU.Build.0 = Debug|Any CPU
		{294EBEFE-B7D2-4BCE-8D91-5FCED9BC1695}.Debug|x64.ActiveCfg = Debug|Any CPU
		{294EBEFE-B7D2-4BCE-8D91-5FCED9BC1695}.Debug|x64.Build.0 = Debug|Any CPU
		{294EBEFE-B7D2-4BCE-8D91-5FCED9BC1695}.Debug|x86.ActiveCfg = Debug|Any CPU
		{294EBEFE-B7D2-4BCE-8D91-5FCED9BC1695}.Debug|x86.Build.0 = Debug|Any CPU
		{294EBEFE-B7D2-4BCE-8D91-5FCED9BC1695}.Release|Any CPU.ActiveCfg = Release|Any CPU
		{294EBEFE-B7D2-4BCE-8D91-5FCED9BC1695}.Release|Any CPU.Build.0 = Release|Any CPU
		{294EBEFE-B7D2-4BCE-8D91-5FCED9BC1695}.Release|x64.ActiveCfg = Release|Any CPU
		{294EBEFE-B7D2-4BCE-8D91-5FCED9BC1695}.Release|x64.Build.0 = Release|Any CPU
		{294EBEFE-B7D2-4BCE-8D91-5FCED9BC1695}.Release|x86.ActiveCfg = Release|Any CPU
		{294EBEFE-B7D2-4BCE-8D91-5FCED9BC1695}.Release|x86.Build.0 = Release|Any CPU
		{BA4357E0-E920-4C38-92C1-C418499B05B6}.Debug|Any CPU.ActiveCfg = Debug|Any CPU
		{BA4357E0-E920-4C38-92C1-C418499B05B6}.Debug|Any CPU.Build.0 = Debug|Any CPU
		{BA4357E0-E920-4C38-92C1-C418499B05B6}.Debug|x64.ActiveCfg = Debug|Any CPU
		{BA4357E0-E920-4C38-92C1-C418499B05B6}.Debug|x64.Build.0 = Debug|Any CPU
		{BA4357E0-E920-4C38-92C1-C418499B05B6}.Debug|x86.ActiveCfg = Debug|Any CPU
		{BA4357E0-E920-4C38-92C1-C418499B05B6}.Debug|x86.Build.0 = Debug|Any CPU
		{BA4357E0-E920-4C38-92C1-C418499B05B6}.Release|Any CPU.ActiveCfg = Release|Any CPU
		{BA4357E0-E920-4C38-92C1-C418499B05B6}.Release|Any CPU.Build.0 = Release|Any CPU
		{BA4357E0-E920-4C38-92C1-C418499B05B6}.Release|x64.ActiveCfg = Release|Any CPU
		{BA4357E0-E920-4C38-92C1-C418499B05B6}.Release|x64.Build.0 = Release|Any CPU
		{BA4357E0-E920-4C38-92C1-C418499B05B6}.Release|x86.ActiveCfg = Release|Any CPU
		{BA4357E0-E920-4C38-92C1-C418499B05B6}.Release|x86.Build.0 = Release|Any CPU
	EndGlobalSection
	GlobalSection(SolutionProperties) = preSolution
		HideSolutionNode = FALSE
	EndGlobalSection
EndGlobal
